// !$*UTF8*$!
{
	archiveVersion = 1;
	classes = {
	};
	objectVersion = 77;
	objects = {

/* Begin PBXBuildFile section */
		D631DA622E9BA034001C2679 /* AudioKit in Frameworks */ = {isa = PBXBuildFile; productRef = D631DA612E9BA034001C2679 /* AudioKit */; };
/* End PBXBuildFile section */

/* Begin PBXContainerItemProxy section */
		D631DA242E9B9540001C2679 /* PBXContainerItemProxy */ = {
			isa = PBXContainerItemProxy;
			containerPortal = D631DA0E2E9B9540001C2679 /* Project object */;
			proxyType = 1;
			remoteGlobalIDString = D631DA152E9B9540001C2679;
			remoteInfo = PoC;
		};
		D631DA2E2E9B9540001C2679 /* PBXContainerItemProxy */ = {
			isa = PBXContainerItemProxy;
			containerPortal = D631DA0E2E9B9540001C2679 /* Project object */;
			proxyType = 1;
			remoteGlobalIDString = D631DA152E9B9540001C2679;
			remoteInfo = PoC;
		};
/* End PBXContainerItemProxy section */

/* Begin PBXFileReference section */
		D631DA162E9B9540001C2679 /* PoC.app */ = {isa = PBXFileReference; explicitFileType = wrapper.application; includeInIndex = 0; path = PoC.app; sourceTree = BUILT_PRODUCTS_DIR; };
		D631DA232E9B9540001C2679 /* PoCTests.xctest */ = {isa = PBXFileReference; explicitFileType = wrapper.cfbundle; includeInIndex = 0; path = PoCTests.xctest; sourceTree = BUILT_PRODUCTS_DIR; };
		D631DA2D2E9B9540001C2679 /* PoCUITests.xctest */ = {isa = PBXFileReference; explicitFileType = wrapper.cfbundle; includeInIndex = 0; path = PoCUITests.xctest; sourceTree = BUILT_PRODUCTS_DIR; };
/* End PBXFileReference section */

/* Begin PBXFileSystemSynchronizedRootGroup section */
		D631DA182E9B9540001C2679 /* PoC */ = {
			isa = PBXFileSystemSynchronizedRootGroup;
			path = PoC;
			sourceTree = "<group>";
		};
		D631DA262E9B9540001C2679 /* PoCTests */ = {
			isa = PBXFileSystemSynchronizedRootGroup;
			path = PoCTests;
			sourceTree = "<group>";
		};
		D631DA302E9B9540001C2679 /* PoCUITests */ = {
			isa = PBXFileSystemSynchronizedRootGroup;
			path = PoCUITests;
			sourceTree = "<group>";
		};
/* End PBXFileSystemSynchronizedRootGroup section */

/* Begin PBXFrameworksBuildPhase section */
		D631DA132E9B9540001C2679 /* Frameworks */ = {
			isa = PBXFrameworksBuildPhase;
			buildActionMask = 2147483647;
			files = (
				D631DA622E9BA034001C2679 /* AudioKit in Frameworks */,
			);
			runOnlyForDeploymentPostprocessing = 0;
		};
		D631DA202E9B9540001C2679 /* Frameworks */ = {
			isa = PBXFrameworksBuildPhase;
			buildActionMask = 2147483647;
			files = (
			);
			runOnlyForDeploymentPostprocessing = 0;
		};
		D631DA2A2E9B9540001C2679 /* Frameworks */ = {
			isa = PBXFrameworksBuildPhase;
			buildActionMask = 2147483647;
			files = (
			);
			runOnlyForDeploymentPostprocessing = 0;
		};
/* End PBXFrameworksBuildPhase section */

/* Begin PBXGroup section */
		D631DA0D2E9B9540001C2679 = {
			isa = PBXGroup;
			children = (
				D631DA182E9B9540001C2679 /* PoC */,
				D631DA262E9B9540001C2679 /* PoCTests */,
				D631DA302E9B9540001C2679 /* PoCUITests */,
				D631DA602E9BA034001C2679 /* Frameworks */,
				D631DA172E9B9540001C2679 /* Products */,
			);
			sourceTree = "<group>";
		};
		D631DA172E9B9540001C2679 /* Products */ = {
			isa = PBXGroup;
			children = (
				D631DA162E9B9540001C2679 /* PoC.app */,
				D631DA232E9B9540001C2679 /* PoCTests.xctest */,
				D631DA2D2E9B9540001C2679 /* PoCUITests.xctest */,
			);
			name = Products;
			sourceTree = "<group>";
		};
		D631DA602E9BA034001C2679 /* Frameworks */ = {
			isa = PBXGroup;
			children = (
			);
			name = Frameworks;
			sourceTree = "<group>";
		};
/* End PBXGroup section */

/* Begin PBXNativeTarget section */
		D631DA152E9B9540001C2679 /* PoC */ = {
			isa = PBXNativeTarget;
			buildConfigurationList = D631DA372E9B9541001C2679 /* Build configuration list for PBXNativeTarget "PoC" */;
			buildPhases = (
				D631DA122E9B9540001C2679 /* Sources */,
				D631DA132E9B9540001C2679 /* Frameworks */,
				D631DA142E9B9540001C2679 /* Resources */,
			);
			buildRules = (
			);
			dependencies = (
			);
			fileSystemSynchronizedGroups = (
				D631DA182E9B9540001C2679 /* PoC */,
			);
			name = PoC;
			packageProductDependencies = (
				D631DA612E9BA034001C2679 /* AudioKit */,
			);
			productName = PoC;
			productReference = D631DA162E9B9540001C2679 /* PoC.app */;
			productType = "com.apple.product-type.application";
		};
		D631DA222E9B9540001C2679 /* PoCTests */ = {
			isa = PBXNativeTarget;
			buildConfigurationList = D631DA3A2E9B9541001C2679 /* Build configuration list for PBXNativeTarget "PoCTests" */;
			buildPhases = (
				D631DA1F2E9B9540001C2679 /* Sources */,
				D631DA202E9B9540001C2679 /* Frameworks */,
				D631DA212E9B9540001C2679 /* Resources */,
			);
			buildRules = (
			);
			dependencies = (
				D631DA252E9B9540001C2679 /* PBXTargetDependency */,
			);
			fileSystemSynchronizedGroups = (
				D631DA262E9B9540001C2679 /* PoCTests */,
			);
			name = PoCTests;
			packageProductDependencies = (
			);
			productName = PoCTests;
			productReference = D631DA232E9B9540001C2679 /* PoCTests.xctest */;
			productType = "com.apple.product-type.bundle.unit-test";
		};
		D631DA2C2E9B9540001C2679 /* PoCUITests */ = {
			isa = PBXNativeTarget;
			buildConfigurationList = D631DA3D2E9B9541001C2679 /* Build configuration list for PBXNativeTarget "PoCUITests" */;
			buildPhases = (
				D631DA292E9B9540001C2679 /* Sources */,
				D631DA2A2E9B9540001C2679 /* Frameworks */,
				D631DA2B2E9B9540001C2679 /* Resources */,
			);
			buildRules = (
			);
			dependencies = (
				D631DA2F2E9B9540001C2679 /* PBXTargetDependency */,
			);
			fileSystemSynchronizedGroups = (
				D631DA302E9B9540001C2679 /* PoCUITests */,
			);
			name = PoCUITests;
			packageProductDependencies = (
			);
			productName = PoCUITests;
			productReference = D631DA2D2E9B9540001C2679 /* PoCUITests.xctest */;
			productType = "com.apple.product-type.bundle.ui-testing";
		};
/* End PBXNativeTarget section */

/* Begin PBXProject section */
		D631DA0E2E9B9540001C2679 /* Project object */ = {
			isa = PBXProject;
			attributes = {
				BuildIndependentTargetsInParallel = 1;
				LastSwiftUpdateCheck = 1630;
				LastUpgradeCheck = 1630;
				TargetAttributes = {
					D631DA152E9B9540001C2679 = {
						CreatedOnToolsVersion = 16.3;
					};
					D631DA222E9B9540001C2679 = {
						CreatedOnToolsVersion = 16.3;
						TestTargetID = D631DA152E9B9540001C2679;
					};
					D631DA2C2E9B9540001C2679 = {
						CreatedOnToolsVersion = 16.3;
						TestTargetID = D631DA152E9B9540001C2679;
					};
				};
			};
			buildConfigurationList = D631DA112E9B9540001C2679 /* Build configuration list for PBXProject "PoC" */;
			developmentRegion = en;
			hasScannedForEncodings = 0;
			knownRegions = (
				en,
				Base,
			);
			mainGroup = D631DA0D2E9B9540001C2679;
			minimizedProjectReferenceProxies = 1;
			packageReferences = (
				D631DA5F2E9B9E42001C2679 /* XCRemoteSwiftPackageReference "AudioKit" */,
			);
			preferredProjectObjectVersion = 77;
			productRefGroup = D631DA172E9B9540001C2679 /* Products */;
			projectDirPath = "";
			projectRoot = "";
			targets = (
				D631DA152E9B9540001C2679 /* PoC */,
				D631DA222E9B9540001C2679 /* PoCTests */,
				D631DA2C2E9B9540001C2679 /* PoCUITests */,
			);
		};
/* End PBXProject section */

/* Begin PBXResourcesBuildPhase section */
		D631DA142E9B9540001C2679 /* Resources */ = {
			isa = PBXResourcesBuildPhase;
			buildActionMask = 2147483647;
			files = (
			);
			runOnlyForDeploymentPostprocessing = 0;
		};
		D631DA212E9B9540001C2679 /* Resources */ = {
			isa = PBXResourcesBuildPhase;
			buildActionMask = 2147483647;
			files = (
			);
			runOnlyForDeploymentPostprocessing = 0;
		};
		D631DA2B2E9B9540001C2679 /* Resources */ = {
			isa = PBXResourcesBuildPhase;
			buildActionMask = 2147483647;
			files = (
			);
			runOnlyForDeploymentPostprocessing = 0;
		};
/* End PBXResourcesBuildPhase section */

/* Begin PBXSourcesBuildPhase section */
		D631DA122E9B9540001C2679 /* Sources */ = {
			isa = PBXSourcesBuildPhase;
			buildActionMask = 2147483647;
			files = (
			);
			runOnlyForDeploymentPostprocessing = 0;
		};
		D631DA1F2E9B9540001C2679 /* Sources */ = {
			isa = PBXSourcesBuildPhase;
			buildActionMask = 2147483647;
			files = (
			);
			runOnlyForDeploymentPostprocessing = 0;
		};
		D631DA292E9B9540001C2679 /* Sources */ = {
			isa = PBXSourcesBuildPhase;
			buildActionMask = 2147483647;
			files = (
			);
			runOnlyForDeploymentPostprocessing = 0;
		};
/* End PBXSourcesBuildPhase section */

/* Begin PBXTargetDependency section */
		D631DA252E9B9540001C2679 /* PBXTargetDependency */ = {
			isa = PBXTargetDependency;
			target = D631DA152E9B9540001C2679 /* PoC */;
			targetProxy = D631DA242E9B9540001C2679 /* PBXContainerItemProxy */;
		};
		D631DA2F2E9B9540001C2679 /* PBXTargetDependency */ = {
			isa = PBXTargetDependency;
			target = D631DA152E9B9540001C2679 /* PoC */;
			targetProxy = D631DA2E2E9B9540001C2679 /* PBXContainerItemProxy */;
		};
/* End PBXTargetDependency section */

/* Begin XCBuildConfiguration section */
		D631DA352E9B9541001C2679 /* Debug */ = {
			isa = XCBuildConfiguration;
			buildSettings = {
				ALWAYS_SEARCH_USER_PATHS = NO;
				ASSETCATALOG_COMPILER_GENERATE_SWIFT_ASSET_SYMBOL_EXTENSIONS = YES;
				CLANG_ANALYZER_NONNULL = YES;
				CLANG_ANALYZER_NUMBER_OBJECT_CONVERSION = YES_AGGRESSIVE;
				CLANG_CXX_LANGUAGE_STANDARD = "gnu++20";
				CLANG_ENABLE_MODULES = YES;
				CLANG_ENABLE_OBJC_ARC = YES;
				CLANG_ENABLE_OBJC_WEAK = YES;
				CLANG_WARN_BLOCK_CAPTURE_AUTORELEASING = YES;
				CLANG_WARN_BOOL_CONVERSION = YES;
				CLANG_WARN_COMMA = YES;
				CLANG_WARN_CONSTANT_CONVERSION = YES;
				CLANG_WARN_DEPRECATED_OBJC_IMPLEMENTATIONS = YES;
				CLANG_WARN_DIRECT_OBJC_ISA_USAGE = YES_ERROR;
				CLANG_WARN_DOCUMENTATION_COMMENTS = YES;
				CLANG_WARN_EMPTY_BODY = YES;
				CLANG_WARN_ENUM_CONVERSION = YES;
				CLANG_WARN_INFINITE_RECURSION = YES;
				CLANG_WARN_INT_CONVERSION = YES;
				CLANG_WARN_NON_LITERAL_NULL_CONVERSION = YES;
				CLANG_WARN_OBJC_IMPLICIT_RETAIN_SELF = YES;
				CLANG_WARN_OBJC_LITERAL_CONVERSION = YES;
				CLANG_WARN_OBJC_ROOT_CLASS = YES_ERROR;
				CLANG_WARN_QUOTED_INCLUDE_IN_FRAMEWORK_HEADER = YES;
				CLANG_WARN_RANGE_LOOP_ANALYSIS = YES;
				CLANG_WARN_STRICT_PROTOTYPES = YES;
				CLANG_WARN_SUSPICIOUS_MOVE = YES;
				CLANG_WARN_UNGUARDED_AVAILABILITY = YES_AGGRESSIVE;
				CLANG_WARN_UNREACHABLE_CODE = YES;
				CLANG_WARN__DUPLICATE_METHOD_MATCH = YES;
				COPY_PHASE_STRIP = NO;
				DEBUG_INFORMATION_FORMAT = dwarf;
				DEVELOPMENT_TEAM = 76359B69WG;
				ENABLE_STRICT_OBJC_MSGSEND = YES;
				ENABLE_TESTABILITY = YES;
				ENABLE_USER_SCRIPT_SANDBOXING = YES;
				GCC_C_LANGUAGE_STANDARD = gnu17;
				GCC_DYNAMIC_NO_PIC = NO;
				GCC_NO_COMMON_BLOCKS = YES;
				GCC_OPTIMIZATION_LEVEL = 0;
				GCC_PREPROCESSOR_DEFINITIONS = (
					"DEBUG=1",
					"$(inherited)",
				);
				GCC_WARN_64_TO_32_BIT_CONVERSION = YES;
				GCC_WARN_ABOUT_RETURN_TYPE = YES_ERROR;
				GCC_WARN_UNDECLARED_SELECTOR = YES;
				GCC_WARN_UNINITIALIZED_AUTOS = YES_AGGRESSIVE;
				GCC_WARN_UNUSED_FUNCTION = YES;
				GCC_WARN_UNUSED_VARIABLE = YES;
				IPHONEOS_DEPLOYMENT_TARGET = 18.4;
				LOCALIZATION_PREFERS_STRING_CATALOGS = YES;
				MTL_ENABLE_DEBUG_INFO = INCLUDE_SOURCE;
				MTL_FAST_MATH = YES;
				ONLY_ACTIVE_ARCH = YES;
				SDKROOT = iphoneos;
				SWIFT_ACTIVE_COMPILATION_CONDITIONS = "DEBUG $(inherited)";
				SWIFT_OPTIMIZATION_LEVEL = "-Onone";
			};
			name = Debug;
		};
		D631DA362E9B9541001C2679 /* Release */ = {
			isa = XCBuildConfiguration;
			buildSettings = {
				ALWAYS_SEARCH_USER_PATHS = NO;
				ASSETCATALOG_COMPILER_GENERATE_SWIFT_ASSET_SYMBOL_EXTENSIONS = YES;
				CLANG_ANALYZER_NONNULL = YES;
				CLANG_ANALYZER_NUMBER_OBJECT_CONVERSION = YES_AGGRESSIVE;
				CLANG_CXX_LANGUAGE_STANDARD = "gnu++20";
				CLANG_ENABLE_MODULES = YES;
				CLANG_ENABLE_OBJC_ARC = YES;
				CLANG_ENABLE_OBJC_WEAK = YES;
				CLANG_WARN_BLOCK_CAPTURE_AUTORELEASING = YES;
				CLANG_WARN_BOOL_CONVERSION = YES;
				CLANG_WARN_COMMA = YES;
				CLANG_WARN_CONSTANT_CONVERSION = YES;
				CLANG_WARN_DEPRECATED_OBJC_IMPLEMENTATIONS = YES;
				CLANG_WARN_DIRECT_OBJC_ISA_USAGE = YES_ERROR;
				CLANG_WARN_DOCUMENTATION_COMMENTS = YES;
				CLANG_WARN_EMPTY_BODY = YES;
				CLANG_WARN_ENUM_CONVERSION = YES;
				CLANG_WARN_INFINITE_RECURSION = YES;
				CLANG_WARN_INT_CONVERSION = YES;
				CLANG_WARN_NON_LITERAL_NULL_CONVERSION = YES;
				CLANG_WARN_OBJC_IMPLICIT_RETAIN_SELF = YES;
				CLANG_WARN_OBJC_LITERAL_CONVERSION = YES;
				CLANG_WARN_OBJC_ROOT_CLASS = YES_ERROR;
				CLANG_WARN_QUOTED_INCLUDE_IN_FRAMEWORK_HEADER = YES;
				CLANG_WARN_RANGE_LOOP_ANALYSIS = YES;
				CLANG_WARN_STRICT_PROTOTYPES = YES;
				CLANG_WARN_SUSPICIOUS_MOVE = YES;
				CLANG_WARN_UNGUARDED_AVAILABILITY = YES_AGGRESSIVE;
				CLANG_WARN_UNREACHABLE_CODE = YES;
				CLANG_WARN__DUPLICATE_METHOD_MATCH = YES;
				COPY_PHASE_STRIP = NO;
				DEBUG_INFORMATION_FORMAT = "dwarf-with-dsym";
				DEVELOPMENT_TEAM = 76359B69WG;
				ENABLE_NS_ASSERTIONS = NO;
				ENABLE_STRICT_OBJC_MSGSEND = YES;
				ENABLE_USER_SCRIPT_SANDBOXING = YES;
				GCC_C_LANGUAGE_STANDARD = gnu17;
				GCC_NO_COMMON_BLOCKS = YES;
				GCC_WARN_64_TO_32_BIT_CONVERSION = YES;
				GCC_WARN_ABOUT_RETURN_TYPE = YES_ERROR;
				GCC_WARN_UNDECLARED_SELECTOR = YES;
				GCC_WARN_UNINITIALIZED_AUTOS = YES_AGGRESSIVE;
				GCC_WARN_UNUSED_FUNCTION = YES;
				GCC_WARN_UNUSED_VARIABLE = YES;
				IPHONEOS_DEPLOYMENT_TARGET = 18.4;
				LOCALIZATION_PREFERS_STRING_CATALOGS = YES;
				MTL_ENABLE_DEBUG_INFO = NO;
				MTL_FAST_MATH = YES;
				SDKROOT = iphoneos;
				SWIFT_COMPILATION_MODE = wholemodule;
				VALIDATE_PRODUCT = YES;
			};
			name = Release;
		};
		D631DA382E9B9541001C2679 /* Debug */ = {
			isa = XCBuildConfiguration;
			buildSettings = {
				ASSETCATALOG_COMPILER_APPICON_NAME = AppIcon;
				ASSETCATALOG_COMPILER_GLOBAL_ACCENT_COLOR_NAME = AccentColor;
				CODE_SIGN_STYLE = Automatic;
				CURRENT_PROJECT_VERSION = 1;
				DEVELOPMENT_TEAM = 76359B69WG;
				ENABLE_PREVIEWS = YES;
				GENERATE_INFOPLIST_FILE = YES;
				INFOPLIST_KEY_NSMicrophoneUsageDescription = "録音してピッチを検出します。";
				INFOPLIST_KEY_UIApplicationSceneManifest_Generation = YES;
				INFOPLIST_KEY_UIApplicationSupportsIndirectInputEvents = YES;
				INFOPLIST_KEY_UILaunchScreen_Generation = YES;
				INFOPLIST_KEY_UISupportedInterfaceOrientations_iPad = "UIInterfaceOrientationPortrait UIInterfaceOrientationPortraitUpsideDown UIInterfaceOrientationLandscapeLeft UIInterfaceOrientationLandscapeRight";
				INFOPLIST_KEY_UISupportedInterfaceOrientations_iPhone = "UIInterfaceOrientationPortrait UIInterfaceOrientationLandscapeLeft UIInterfaceOrientationLandscapeRight";
				LD_RUNPATH_SEARCH_PATHS = (
					"$(inherited)",
					"@executable_path/Frameworks",
				);
				MARKETING_VERSION = 1.0;
				PRODUCT_BUNDLE_IDENTIFIER = com.kazuasato.PoC;
				PRODUCT_NAME = "$(TARGET_NAME)";
				SWIFT_EMIT_LOC_STRINGS = YES;
				SWIFT_VERSION = 5.0;
				TARGETED_DEVICE_FAMILY = "1,2";
			};
			name = Debug;
		};
		D631DA392E9B9541001C2679 /* Release */ = {
			isa = XCBuildConfiguration;
			buildSettings = {
				ASSETCATALOG_COMPILER_APPICON_NAME = AppIcon;
				ASSETCATALOG_COMPILER_GLOBAL_ACCENT_COLOR_NAME = AccentColor;
				CODE_SIGN_STYLE = Automatic;
				CURRENT_PROJECT_VERSION = 1;
				DEVELOPMENT_TEAM = 76359B69WG;
				ENABLE_PREVIEWS = YES;
				GENERATE_INFOPLIST_FILE = YES;
				INFOPLIST_KEY_NSMicrophoneUsageDescription = "録音してピッチを検出します。";
				INFOPLIST_KEY_UIApplicationSceneManifest_Generation = YES;
				INFOPLIST_KEY_UIApplicationSupportsIndirectInputEvents = YES;
				INFOPLIST_KEY_UILaunchScreen_Generation = YES;
				INFOPLIST_KEY_UISupportedInterfaceOrientations_iPad = "UIInterfaceOrientationPortrait UIInterfaceOrientationPortraitUpsideDown UIInterfaceOrientationLandscapeLeft UIInterfaceOrientationLandscapeRight";
				INFOPLIST_KEY_UISupportedInterfaceOrientations_iPhone = "UIInterfaceOrientationPortrait UIInterfaceOrientationLandscapeLeft UIInterfaceOrientationLandscapeRight";
				LD_RUNPATH_SEARCH_PATHS = (
					"$(inherited)",
					"@executable_path/Frameworks",
				);
				MARKETING_VERSION = 1.0;
				PRODUCT_BUNDLE_IDENTIFIER = com.kazuasato.PoC;
				PRODUCT_NAME = "$(TARGET_NAME)";
				SWIFT_EMIT_LOC_STRINGS = YES;
				SWIFT_VERSION = 5.0;
				TARGETED_DEVICE_FAMILY = "1,2";
			};
			name = Release;
		};
		D631DA3B2E9B9541001C2679 /* Debug */ = {
			isa = XCBuildConfiguration;
			buildSettings = {
				BUNDLE_LOADER = "$(TEST_HOST)";
				CODE_SIGN_STYLE = Automatic;
				CURRENT_PROJECT_VERSION = 1;
				DEVELOPMENT_TEAM = 76359B69WG;
				GENERATE_INFOPLIST_FILE = YES;
				IPHONEOS_DEPLOYMENT_TARGET = 18.4;
				MARKETING_VERSION = 1.0;
				PRODUCT_BUNDLE_IDENTIFIER = com.kazuasato.PoCTests;
				PRODUCT_NAME = "$(TARGET_NAME)";
				SWIFT_EMIT_LOC_STRINGS = NO;
				SWIFT_VERSION = 5.0;
				TARGETED_DEVICE_FAMILY = "1,2";
				TEST_HOST = "$(BUILT_PRODUCTS_DIR)/PoC.app/$(BUNDLE_EXECUTABLE_FOLDER_PATH)/PoC";
			};
			name = Debug;
		};
		D631DA3C2E9B9541001C2679 /* Release */ = {
			isa = XCBuildConfiguration;
			buildSettings = {
				BUNDLE_LOADER = "$(TEST_HOST)";
				CODE_SIGN_STYLE = Automatic;
				CURRENT_PROJECT_VERSION = 1;
				DEVELOPMENT_TEAM = 76359B69WG;
				GENERATE_INFOPLIST_FILE = YES;
				IPHONEOS_DEPLOYMENT_TARGET = 18.4;
				MARKETING_VERSION = 1.0;
				PRODUCT_BUNDLE_IDENTIFIER = com.kazuasato.PoCTests;
				PRODUCT_NAME = "$(TARGET_NAME)";
				SWIFT_EMIT_LOC_STRINGS = NO;
				SWIFT_VERSION = 5.0;
				TARGETED_DEVICE_FAMILY = "1,2";
				TEST_HOST = "$(BUILT_PRODUCTS_DIR)/PoC.app/$(BUNDLE_EXECUTABLE_FOLDER_PATH)/PoC";
			};
			name = Release;
		};
		D631DA3E2E9B9541001C2679 /* Debug */ = {
			isa = XCBuildConfiguration;
			buildSettings = {
				CODE_SIGN_STYLE = Automatic;
				CURRENT_PROJECT_VERSION = 1;
				DEVELOPMENT_TEAM = 76359B69WG;
				GENERATE_INFOPLIST_FILE = YES;
				MARKETING_VERSION = 1.0;
				PRODUCT_BUNDLE_IDENTIFIER = com.kazuasato.PoCUITests;
				PRODUCT_NAME = "$(TARGET_NAME)";
				SWIFT_EMIT_LOC_STRINGS = NO;
				SWIFT_VERSION = 5.0;
				TARGETED_DEVICE_FAMILY = "1,2";
				TEST_TARGET_NAME = PoC;
			};
			name = Debug;
		};
		D631DA3F2E9B9541001C2679 /* Release */ = {
			isa = XCBuildConfiguration;
			buildSettings = {
				CODE_SIGN_STYLE = Automatic;
				CURRENT_PROJECT_VERSION = 1;
				DEVELOPMENT_TEAM = 76359B69WG;
				GENERATE_INFOPLIST_FILE = YES;
				MARKETING_VERSION = 1.0;
				PRODUCT_BUNDLE_IDENTIFIER = com.kazuasato.PoCUITests;
				PRODUCT_NAME = "$(TARGET_NAME)";
				SWIFT_EMIT_LOC_STRINGS = NO;
				SWIFT_VERSION = 5.0;
				TARGETED_DEVICE_FAMILY = "1,2";
				TEST_TARGET_NAME = PoC;
			};
			name = Release;
		};
/* End XCBuildConfiguration section */

/* Begin XCConfigurationList section */
		D631DA112E9B9540001C2679 /* Build configuration list for PBXProject "PoC" */ = {
			isa = XCConfigurationList;
			buildConfigurations = (
				D631DA352E9B9541001C2679 /* Debug */,
				D631DA362E9B9541001C2679 /* Release */,
			);
			defaultConfigurationIsVisible = 0;
			defaultConfigurationName = Release;
		};
		D631DA372E9B9541001C2679 /* Build configuration list for PBXNativeTarget "PoC" */ = {
			isa = XCConfigurationList;
			buildConfigurations = (
				D631DA382E9B9541001C2679 /* Debug */,
				D631DA392E9B9541001C2679 /* Release */,
			);
			defaultConfigurationIsVisible = 0;
			defaultConfigurationName = Release;
		};
		D631DA3A2E9B9541001C2679 /* Build configuration list for PBXNativeTarget "PoCTests" */ = {
			isa = XCConfigurationList;
			buildConfigurations = (
				D631DA3B2E9B9541001C2679 /* Debug */,
				D631DA3C2E9B9541001C2679 /* Release */,
			);
			defaultConfigurationIsVisible = 0;
			defaultConfigurationName = Release;
		};
		D631DA3D2E9B9541001C2679 /* Build configuration list for PBXNativeTarget "PoCUITests" */ = {
			isa = XCConfigurationList;
			buildConfigurations = (
				D631DA3E2E9B9541001C2679 /* Debug */,
				D631DA3F2E9B9541001C2679 /* Release */,
			);
			defaultConfigurationIsVisible = 0;
			defaultConfigurationName = Release;
		};
/* End XCConfigurationList section */

/* Begin XCRemoteSwiftPackageReference section */
		D631DA5F2E9B9E42001C2679 /* XCRemoteSwiftPackageReference "AudioKit" */ = {
			isa = XCRemoteSwiftPackageReference;
			repositoryURL = "https://github.com/AudioKit/AudioKit";
			requirement = {
				kind = upToNextMajorVersion;
				minimumVersion = 5.6.5;
			};
		};
/* End XCRemoteSwiftPackageReference section */

/* Begin XCSwiftPackageProductDependency section */
		D631DA612E9BA034001C2679 /* AudioKit */ = {
			isa = XCSwiftPackageProductDependency;
			package = D631DA5F2E9B9E42001C2679 /* XCRemoteSwiftPackageReference "AudioKit" */;
			productName = AudioKit;
		};
/* End XCSwiftPackageProductDependency section */
	};
	rootObject = D631DA0E2E9B9540001C2679 /* Project object */;
}
