// !$*UTF8*$!
{
	archiveVersion = 1;
	classes = {
	};
	objectVersion = 77;
	objects = {

/* Begin PBXContainerItemProxy section */
		D6BF83AA2E890B380076B2FC /* PBXContainerItemProxy */ = {
			isa = PBXContainerItemProxy;
			containerPortal = D6BF83942E890B370076B2FC /* Project object */;
			proxyType = 1;
			remoteGlobalIDString = D6BF839B2E890B370076B2FC;
			remoteInfo = VocalisStudio;
		};
		D6BF83B42E890B380076B2FC /* PBXContainerItemProxy */ = {
			isa = PBXContainerItemProxy;
			containerPortal = D6BF83942E890B370076B2FC /* Project object */;
			proxyType = 1;
			remoteGlobalIDString = D6BF839B2E890B370076B2FC;
			remoteInfo = VocalisStudio;
		};
/* End PBXContainerItemProxy section */

/* Begin PBXFileReference section */
		D6BF839C2E890B370076B2FC /* VocalisStudio.app */ = {isa = PBXFileReference; explicitFileType = wrapper.application; includeInIndex = 0; path = VocalisStudio.app; sourceTree = BUILT_PRODUCTS_DIR; };
		D6BF83A92E890B380076B2FC /* VocalisStudioTests.xctest */ = {isa = PBXFileReference; explicitFileType = wrapper.cfbundle; includeInIndex = 0; path = VocalisStudioTests.xctest; sourceTree = BUILT_PRODUCTS_DIR; };
		D6BF83B32E890B380076B2FC /* VocalisStudioUITests.xctest */ = {isa = PBXFileReference; explicitFileType = wrapper.cfbundle; includeInIndex = 0; path = VocalisStudioUITests.xctest; sourceTree = BUILT_PRODUCTS_DIR; };
/* End PBXFileReference section */

/* Begin PBXFileSystemSynchronizedRootGroup section */
		D6BF839E2E890B370076B2FC /* VocalisStudio */ = {
			isa = PBXFileSystemSynchronizedRootGroup;
			path = VocalisStudio;
			sourceTree = "<group>";
		};
		D6BF83AC2E890B380076B2FC /* VocalisStudioTests */ = {
			isa = PBXFileSystemSynchronizedRootGroup;
			path = VocalisStudioTests;
			sourceTree = "<group>";
		};
		D6BF83B62E890B380076B2FC /* VocalisStudioUITests */ = {
			isa = PBXFileSystemSynchronizedRootGroup;
			path = VocalisStudioUITests;
			sourceTree = "<group>";
		};
/* End PBXFileSystemSynchronizedRootGroup section */

/* Begin PBXFrameworksBuildPhase section */
		D6BF83992E890B370076B2FC /* Frameworks */ = {
			isa = PBXFrameworksBuildPhase;
			buildActionMask = 2147483647;
			files = (
			);
			runOnlyForDeploymentPostprocessing = 0;
		};
		D6BF83A62E890B380076B2FC /* Frameworks */ = {
			isa = PBXFrameworksBuildPhase;
			buildActionMask = 2147483647;
			files = (
			);
			runOnlyForDeploymentPostprocessing = 0;
		};
		D6BF83B02E890B380076B2FC /* Frameworks */ = {
			isa = PBXFrameworksBuildPhase;
			buildActionMask = 2147483647;
			files = (
			);
			runOnlyForDeploymentPostprocessing = 0;
		};
/* End PBXFrameworksBuildPhase section */

/* Begin PBXGroup section */
		D6BF83932E890B370076B2FC = {
			isa = PBXGroup;
			children = (
				D6BF839E2E890B370076B2FC /* VocalisStudio */,
				D6BF83AC2E890B380076B2FC /* VocalisStudioTests */,
				D6BF83B62E890B380076B2FC /* VocalisStudioUITests */,
				D6BF839D2E890B370076B2FC /* Products */,
			);
			sourceTree = "<group>";
		};
		D6BF839D2E890B370076B2FC /* Products */ = {
			isa = PBXGroup;
			children = (
				D6BF839C2E890B370076B2FC /* VocalisStudio.app */,
				D6BF83A92E890B380076B2FC /* VocalisStudioTests.xctest */,
				D6BF83B32E890B380076B2FC /* VocalisStudioUITests.xctest */,
			);
			name = Products;
			sourceTree = "<group>";
		};
/* End PBXGroup section */

/* Begin PBXNativeTarget section */
		D6BF839B2E890B370076B2FC /* VocalisStudio */ = {
			isa = PBXNativeTarget;
			buildConfigurationList = D6BF83BD2E890B380076B2FC /* Build configuration list for PBXNativeTarget "VocalisStudio" */;
			buildPhases = (
				D6BF83982E890B370076B2FC /* Sources */,
				D6BF83992E890B370076B2FC /* Frameworks */,
				D6BF839A2E890B370076B2FC /* Resources */,
			);
			buildRules = (
			);
			dependencies = (
			);
			fileSystemSynchronizedGroups = (
				D6BF839E2E890B370076B2FC /* VocalisStudio */,
			);
			name = VocalisStudio;
			packageProductDependencies = (
				D6BF83C72E890B390076B2FC /* VocalisDomain */,
			);
			productName = VocalisStudio;
			productReference = D6BF839C2E890B370076B2FC /* VocalisStudio.app */;
			productType = "com.apple.product-type.application";
		};
		D6BF83A82E890B380076B2FC /* VocalisStudioTests */ = {
			isa = PBXNativeTarget;
			buildConfigurationList = D6BF83C02E890B380076B2FC /* Build configuration list for PBXNativeTarget "VocalisStudioTests" */;
			buildPhases = (
				D6BF83A52E890B380076B2FC /* Sources */,
				D6BF83A62E890B380076B2FC /* Frameworks */,
				D6BF83A72E890B380076B2FC /* Resources */,
			);
			buildRules = (
			);
			dependencies = (
				D6BF83AB2E890B380076B2FC /* PBXTargetDependency */,
			);
			fileSystemSynchronizedGroups = (
				D6BF83AC2E890B380076B2FC /* VocalisStudioTests */,
			);
			name = VocalisStudioTests;
			packageProductDependencies = (
			);
			productName = VocalisStudioTests;
			productReference = D6BF83A92E890B380076B2FC /* VocalisStudioTests.xctest */;
			productType = "com.apple.product-type.bundle.unit-test";
		};
		D6BF83B22E890B380076B2FC /* VocalisStudioUITests */ = {
			isa = PBXNativeTarget;
			buildConfigurationList = D6BF83C32E890B380076B2FC /* Build configuration list for PBXNativeTarget "VocalisStudioUITests" */;
			buildPhases = (
				D6BF83AF2E890B380076B2FC /* Sources */,
				D6BF83B02E890B380076B2FC /* Frameworks */,
				D6BF83B12E890B380076B2FC /* Resources */,
			);
			buildRules = (
			);
			dependencies = (
				D6BF83B52E890B380076B2FC /* PBXTargetDependency */,
			);
			fileSystemSynchronizedGroups = (
				D6BF83B62E890B380076B2FC /* VocalisStudioUITests */,
			);
			name = VocalisStudioUITests;
			packageProductDependencies = (
			);
			productName = VocalisStudioUITests;
			productReference = D6BF83B32E890B380076B2FC /* VocalisStudioUITests.xctest */;
			productType = "com.apple.product-type.bundle.ui-testing";
		};
/* End PBXNativeTarget section */

/* Begin PBXProject section */
		D6BF83942E890B370076B2FC /* Project object */ = {
			isa = PBXProject;
			attributes = {
				BuildIndependentTargetsInParallel = 1;
				LastSwiftUpdateCheck = 1630;
				LastUpgradeCheck = 1630;
				TargetAttributes = {
					D6BF839B2E890B370076B2FC = {
						CreatedOnToolsVersion = 16.3;
					};
					D6BF83A82E890B380076B2FC = {
						CreatedOnToolsVersion = 16.3;
						TestTargetID = D6BF839B2E890B370076B2FC;
					};
					D6BF83B22E890B380076B2FC = {
						CreatedOnToolsVersion = 16.3;
						TestTargetID = D6BF839B2E890B370076B2FC;
					};
				};
			};
			buildConfigurationList = D6BF83972E890B370076B2FC /* Build configuration list for PBXProject "VocalisStudio" */;
			developmentRegion = en;
			hasScannedForEncodings = 0;
			knownRegions = (
				en,
				Base,
				ja,
			);
			mainGroup = D6BF83932E890B370076B2FC;
			minimizedProjectReferenceProxies = 1;
			packageReferences = (
				D6BF83C62E890B390076B2FC /* XCLocalSwiftPackageReference "VocalisDomain" */,
			);
			preferredProjectObjectVersion = 77;
			productRefGroup = D6BF839D2E890B370076B2FC /* Products */;
			projectDirPath = "";
			projectRoot = "";
			targets = (
				D6BF839B2E890B370076B2FC /* VocalisStudio */,
				D6BF83A82E890B380076B2FC /* VocalisStudioTests */,
				D6BF83B22E890B380076B2FC /* VocalisStudioUITests */,
			);
		};
/* End PBXProject section */

/* Begin PBXResourcesBuildPhase section */
		D6BF839A2E890B370076B2FC /* Resources */ = {
			isa = PBXResourcesBuildPhase;
			buildActionMask = 2147483647;
			files = (
			);
			runOnlyForDeploymentPostprocessing = 0;
		};
		D6BF83A72E890B380076B2FC /* Resources */ = {
			isa = PBXResourcesBuildPhase;
			buildActionMask = 2147483647;
			files = (
			);
			runOnlyForDeploymentPostprocessing = 0;
		};
		D6BF83B12E890B380076B2FC /* Resources */ = {
			isa = PBXResourcesBuildPhase;
			buildActionMask = 2147483647;
			files = (
			);
			runOnlyForDeploymentPostprocessing = 0;
		};
/* End PBXResourcesBuildPhase section */

/* Begin PBXSourcesBuildPhase section */
		D6BF83982E890B370076B2FC /* Sources */ = {
			isa = PBXSourcesBuildPhase;
			buildActionMask = 2147483647;
			files = (
			);
			runOnlyForDeploymentPostprocessing = 0;
		};
		D6BF83A52E890B380076B2FC /* Sources */ = {
			isa = PBXSourcesBuildPhase;
			buildActionMask = 2147483647;
			files = (
			);
			runOnlyForDeploymentPostprocessing = 0;
		};
		D6BF83AF2E890B380076B2FC /* Sources */ = {
			isa = PBXSourcesBuildPhase;
			buildActionMask = 2147483647;
			files = (
			);
			runOnlyForDeploymentPostprocessing = 0;
		};
/* End PBXSourcesBuildPhase section */

/* Begin PBXTargetDependency section */
		D6BF83AB2E890B380076B2FC /* PBXTargetDependency */ = {
			isa = PBXTargetDependency;
			target = D6BF839B2E890B370076B2FC /* VocalisStudio */;
			targetProxy = D6BF83AA2E890B380076B2FC /* PBXContainerItemProxy */;
		};
		D6BF83B52E890B380076B2FC /* PBXTargetDependency */ = {
			isa = PBXTargetDependency;
			target = D6BF839B2E890B370076B2FC /* VocalisStudio */;
			targetProxy = D6BF83B42E890B380076B2FC /* PBXContainerItemProxy */;
		};
/* End PBXTargetDependency section */

/* Begin XCBuildConfiguration section */
		D6BF83BB2E890B380076B2FC /* Debug */ = {
			isa = XCBuildConfiguration;
			buildSettings = {
				ALWAYS_SEARCH_USER_PATHS = NO;
				ASSETCATALOG_COMPILER_GENERATE_SWIFT_ASSET_SYMBOL_EXTENSIONS = YES;
				CLANG_ANALYZER_NONNULL = YES;
				CLANG_ANALYZER_NUMBER_OBJECT_CONVERSION = YES_AGGRESSIVE;
				CLANG_CXX_LANGUAGE_STANDARD = "gnu++20";
				CLANG_ENABLE_MODULES = YES;
				CLANG_ENABLE_OBJC_ARC = YES;
				CLANG_ENABLE_OBJC_WEAK = YES;
				CLANG_WARN_BLOCK_CAPTURE_AUTORELEASING = YES;
				CLANG_WARN_BOOL_CONVERSION = YES;
				CLANG_WARN_COMMA = YES;
				CLANG_WARN_CONSTANT_CONVERSION = YES;
				CLANG_WARN_DEPRECATED_OBJC_IMPLEMENTATIONS = YES;
				CLANG_WARN_DIRECT_OBJC_ISA_USAGE = YES_ERROR;
				CLANG_WARN_DOCUMENTATION_COMMENTS = YES;
				CLANG_WARN_EMPTY_BODY = YES;
				CLANG_WARN_ENUM_CONVERSION = YES;
				CLANG_WARN_INFINITE_RECURSION = YES;
				CLANG_WARN_INT_CONVERSION = YES;
				CLANG_WARN_NON_LITERAL_NULL_CONVERSION = YES;
				CLANG_WARN_OBJC_IMPLICIT_RETAIN_SELF = YES;
				CLANG_WARN_OBJC_LITERAL_CONVERSION = YES;
				CLANG_WARN_OBJC_ROOT_CLASS = YES_ERROR;
				CLANG_WARN_QUOTED_INCLUDE_IN_FRAMEWORK_HEADER = YES;
				CLANG_WARN_RANGE_LOOP_ANALYSIS = YES;
				CLANG_WARN_STRICT_PROTOTYPES = YES;
				CLANG_WARN_SUSPICIOUS_MOVE = YES;
				CLANG_WARN_UNGUARDED_AVAILABILITY = YES_AGGRESSIVE;
				CLANG_WARN_UNREACHABLE_CODE = YES;
				CLANG_WARN__DUPLICATE_METHOD_MATCH = YES;
				COPY_PHASE_STRIP = NO;
				DEBUG_INFORMATION_FORMAT = dwarf;
				DEVELOPMENT_TEAM = 76359B69WG;
				ENABLE_STRICT_OBJC_MSGSEND = YES;
				ENABLE_TESTABILITY = YES;
				ENABLE_USER_SCRIPT_SANDBOXING = YES;
				GCC_C_LANGUAGE_STANDARD = gnu17;
				GCC_DYNAMIC_NO_PIC = NO;
				GCC_NO_COMMON_BLOCKS = YES;
				GCC_OPTIMIZATION_LEVEL = 0;
				GCC_PREPROCESSOR_DEFINITIONS = (
					"DEBUG=1",
					"$(inherited)",
				);
				GCC_WARN_64_TO_32_BIT_CONVERSION = YES;
				GCC_WARN_ABOUT_RETURN_TYPE = YES_ERROR;
				GCC_WARN_UNDECLARED_SELECTOR = YES;
				GCC_WARN_UNINITIALIZED_AUTOS = YES_AGGRESSIVE;
				GCC_WARN_UNUSED_FUNCTION = YES;
				GCC_WARN_UNUSED_VARIABLE = YES;
				IPHONEOS_DEPLOYMENT_TARGET = 18.4;
				LOCALIZATION_PREFERS_STRING_CATALOGS = YES;
				MTL_ENABLE_DEBUG_INFO = INCLUDE_SOURCE;
				MTL_FAST_MATH = YES;
				ONLY_ACTIVE_ARCH = YES;
				SDKROOT = iphoneos;
				SWIFT_ACTIVE_COMPILATION_CONDITIONS = "DEBUG $(inherited)";
				SWIFT_OPTIMIZATION_LEVEL = "-Onone";
			};
			name = Debug;
		};
		D6BF83BC2E890B380076B2FC /* Release */ = {
			isa = XCBuildConfiguration;
			buildSettings = {
				ALWAYS_SEARCH_USER_PATHS = NO;
				ASSETCATALOG_COMPILER_GENERATE_SWIFT_ASSET_SYMBOL_EXTENSIONS = YES;
				CLANG_ANALYZER_NONNULL = YES;
				CLANG_ANALYZER_NUMBER_OBJECT_CONVERSION = YES_AGGRESSIVE;
				CLANG_CXX_LANGUAGE_STANDARD = "gnu++20";
				CLANG_ENABLE_MODULES = YES;
				CLANG_ENABLE_OBJC_ARC = YES;
				CLANG_ENABLE_OBJC_WEAK = YES;
				CLANG_WARN_BLOCK_CAPTURE_AUTORELEASING = YES;
				CLANG_WARN_BOOL_CONVERSION = YES;
				CLANG_WARN_COMMA = YES;
				CLANG_WARN_CONSTANT_CONVERSION = YES;
				CLANG_WARN_DEPRECATED_OBJC_IMPLEMENTATIONS = YES;
				CLANG_WARN_DIRECT_OBJC_ISA_USAGE = YES_ERROR;
				CLANG_WARN_DOCUMENTATION_COMMENTS = YES;
				CLANG_WARN_EMPTY_BODY = YES;
				CLANG_WARN_ENUM_CONVERSION = YES;
				CLANG_WARN_INFINITE_RECURSION = YES;
				CLANG_WARN_INT_CONVERSION = YES;
				CLANG_WARN_NON_LITERAL_NULL_CONVERSION = YES;
				CLANG_WARN_OBJC_IMPLICIT_RETAIN_SELF = YES;
				CLANG_WARN_OBJC_LITERAL_CONVERSION = YES;
				CLANG_WARN_OBJC_ROOT_CLASS = YES_ERROR;
				CLANG_WARN_QUOTED_INCLUDE_IN_FRAMEWORK_HEADER = YES;
				CLANG_WARN_RANGE_LOOP_ANALYSIS = YES;
				CLANG_WARN_STRICT_PROTOTYPES = YES;
				CLANG_WARN_SUSPICIOUS_MOVE = YES;
				CLANG_WARN_UNGUARDED_AVAILABILITY = YES_AGGRESSIVE;
				CLANG_WARN_UNREACHABLE_CODE = YES;
				CLANG_WARN__DUPLICATE_METHOD_MATCH = YES;
				COPY_PHASE_STRIP = NO;
				DEBUG_INFORMATION_FORMAT = "dwarf-with-dsym";
				DEVELOPMENT_TEAM = 76359B69WG;
				ENABLE_NS_ASSERTIONS = NO;
				ENABLE_STRICT_OBJC_MSGSEND = YES;
				ENABLE_USER_SCRIPT_SANDBOXING = YES;
				GCC_C_LANGUAGE_STANDARD = gnu17;
				GCC_NO_COMMON_BLOCKS = YES;
				GCC_WARN_64_TO_32_BIT_CONVERSION = YES;
				GCC_WARN_ABOUT_RETURN_TYPE = YES_ERROR;
				GCC_WARN_UNDECLARED_SELECTOR = YES;
				GCC_WARN_UNINITIALIZED_AUTOS = YES_AGGRESSIVE;
				GCC_WARN_UNUSED_FUNCTION = YES;
				GCC_WARN_UNUSED_VARIABLE = YES;
				IPHONEOS_DEPLOYMENT_TARGET = 18.4;
				LOCALIZATION_PREFERS_STRING_CATALOGS = YES;
				MTL_ENABLE_DEBUG_INFO = NO;
				MTL_FAST_MATH = YES;
				SDKROOT = iphoneos;
				SWIFT_COMPILATION_MODE = wholemodule;
				VALIDATE_PRODUCT = YES;
			};
			name = Release;
		};
		D6BF83BE2E890B380076B2FC /* Debug */ = {
			isa = XCBuildConfiguration;
			buildSettings = {
				ASSETCATALOG_COMPILER_APPICON_NAME = AppIcon;
				ASSETCATALOG_COMPILER_GLOBAL_ACCENT_COLOR_NAME = AccentColor;
				CODE_SIGN_STYLE = Automatic;
				CURRENT_PROJECT_VERSION = 1;
				DEVELOPMENT_TEAM = 76359B69WG;
				ENABLE_PREVIEWS = YES;
				GENERATE_INFOPLIST_FILE = YES;
				INFOPLIST_KEY_NSMicrophoneUsageDescription = "このアプリは録音機能のためにマイクへのアクセスが必要です。";
				INFOPLIST_KEY_UIApplicationSceneManifest_Generation = YES;
				INFOPLIST_KEY_UIApplicationSupportsIndirectInputEvents = YES;
				INFOPLIST_KEY_UILaunchScreen_Generation = YES;
				INFOPLIST_KEY_UISupportedInterfaceOrientations_iPad = "UIInterfaceOrientationPortrait UIInterfaceOrientationPortraitUpsideDown UIInterfaceOrientationLandscapeLeft UIInterfaceOrientationLandscapeRight";
				INFOPLIST_KEY_UISupportedInterfaceOrientations_iPhone = "UIInterfaceOrientationPortrait UIInterfaceOrientationLandscapeLeft UIInterfaceOrientationLandscapeRight";
				LD_RUNPATH_SEARCH_PATHS = (
					"$(inherited)",
					"@executable_path/Frameworks",
				);
				MARKETING_VERSION = 1.0;
				PRODUCT_BUNDLE_IDENTIFIER = com.kazuasato.VocalisStudio;
				PRODUCT_NAME = "$(TARGET_NAME)";
				SWIFT_EMIT_LOC_STRINGS = YES;
				SWIFT_VERSION = 5.0;
				TARGETED_DEVICE_FAMILY = "1,2";
			};
			name = Debug;
		};
		D6BF83BF2E890B380076B2FC /* Release */ = {
			isa = XCBuildConfiguration;
			buildSettings = {
				ASSETCATALOG_COMPILER_APPICON_NAME = AppIcon;
				ASSETCATALOG_COMPILER_GLOBAL_ACCENT_COLOR_NAME = AccentColor;
				CODE_SIGN_STYLE = Automatic;
				CURRENT_PROJECT_VERSION = 1;
				DEVELOPMENT_TEAM = 76359B69WG;
				ENABLE_PREVIEWS = YES;
				GENERATE_INFOPLIST_FILE = YES;
				INFOPLIST_KEY_NSMicrophoneUsageDescription = "このアプリは録音機能のためにマイクへのアクセスが必要です。";
				INFOPLIST_KEY_UIApplicationSceneManifest_Generation = YES;
				INFOPLIST_KEY_UIApplicationSupportsIndirectInputEvents = YES;
				INFOPLIST_KEY_UILaunchScreen_Generation = YES;
				INFOPLIST_KEY_UISupportedInterfaceOrientations_iPad = "UIInterfaceOrientationPortrait UIInterfaceOrientationPortraitUpsideDown UIInterfaceOrientationLandscapeLeft UIInterfaceOrientationLandscapeRight";
				INFOPLIST_KEY_UISupportedInterfaceOrientations_iPhone = "UIInterfaceOrientationPortrait UIInterfaceOrientationLandscapeLeft UIInterfaceOrientationLandscapeRight";
				LD_RUNPATH_SEARCH_PATHS = (
					"$(inherited)",
					"@executable_path/Frameworks",
				);
				MARKETING_VERSION = 1.0;
				PRODUCT_BUNDLE_IDENTIFIER = com.kazuasato.VocalisStudio;
				PRODUCT_NAME = "$(TARGET_NAME)";
				SWIFT_EMIT_LOC_STRINGS = YES;
				SWIFT_VERSION = 5.0;
				TARGETED_DEVICE_FAMILY = "1,2";
			};
			name = Release;
		};
		D6BF83C12E890B380076B2FC /* Debug */ = {
			isa = XCBuildConfiguration;
			buildSettings = {
				BUNDLE_LOADER = "$(TEST_HOST)";
				CODE_SIGN_STYLE = Automatic;
				CURRENT_PROJECT_VERSION = 1;
				DEVELOPMENT_TEAM = 76359B69WG;
				GENERATE_INFOPLIST_FILE = YES;
				IPHONEOS_DEPLOYMENT_TARGET = 18.4;
				MARKETING_VERSION = 1.0;
				PRODUCT_BUNDLE_IDENTIFIER = com.kazuasato.VocalisStudioTests;
				PRODUCT_NAME = "$(TARGET_NAME)";
				SWIFT_EMIT_LOC_STRINGS = NO;
				SWIFT_VERSION = 5.0;
				TARGETED_DEVICE_FAMILY = "1,2";
				TEST_HOST = "$(BUILT_PRODUCTS_DIR)/VocalisStudio.app/$(BUNDLE_EXECUTABLE_FOLDER_PATH)/VocalisStudio";
			};
			name = Debug;
		};
		D6BF83C22E890B380076B2FC /* Release */ = {
			isa = XCBuildConfiguration;
			buildSettings = {
				BUNDLE_LOADER = "$(TEST_HOST)";
				CODE_SIGN_STYLE = Automatic;
				CURRENT_PROJECT_VERSION = 1;
				DEVELOPMENT_TEAM = 76359B69WG;
				GENERATE_INFOPLIST_FILE = YES;
				IPHONEOS_DEPLOYMENT_TARGET = 18.4;
				MARKETING_VERSION = 1.0;
				PRODUCT_BUNDLE_IDENTIFIER = com.kazuasato.VocalisStudioTests;
				PRODUCT_NAME = "$(TARGET_NAME)";
				SWIFT_EMIT_LOC_STRINGS = NO;
				SWIFT_VERSION = 5.0;
				TARGETED_DEVICE_FAMILY = "1,2";
				TEST_HOST = "$(BUILT_PRODUCTS_DIR)/VocalisStudio.app/$(BUNDLE_EXECUTABLE_FOLDER_PATH)/VocalisStudio";
			};
			name = Release;
		};
		D6BF83C42E890B380076B2FC /* Debug */ = {
			isa = XCBuildConfiguration;
			buildSettings = {
				CODE_SIGN_STYLE = Automatic;
				CURRENT_PROJECT_VERSION = 1;
				DEVELOPMENT_TEAM = 76359B69WG;
				GENERATE_INFOPLIST_FILE = YES;
				MARKETING_VERSION = 1.0;
				PRODUCT_BUNDLE_IDENTIFIER = com.kazuasato.VocalisStudioUITests;
				PRODUCT_NAME = "$(TARGET_NAME)";
				SWIFT_EMIT_LOC_STRINGS = NO;
				SWIFT_VERSION = 5.0;
				TARGETED_DEVICE_FAMILY = "1,2";
				TEST_TARGET_NAME = VocalisStudio;
			};
			name = Debug;
		};
		D6BF83C52E890B380076B2FC /* Release */ = {
			isa = XCBuildConfiguration;
			buildSettings = {
				CODE_SIGN_STYLE = Automatic;
				CURRENT_PROJECT_VERSION = 1;
				DEVELOPMENT_TEAM = 76359B69WG;
				GENERATE_INFOPLIST_FILE = YES;
				MARKETING_VERSION = 1.0;
				PRODUCT_BUNDLE_IDENTIFIER = com.kazuasato.VocalisStudioUITests;
				PRODUCT_NAME = "$(TARGET_NAME)";
				SWIFT_EMIT_LOC_STRINGS = NO;
				SWIFT_VERSION = 5.0;
				TARGETED_DEVICE_FAMILY = "1,2";
				TEST_TARGET_NAME = VocalisStudio;
			};
			name = Release;
		};
/* End XCBuildConfiguration section */

/* Begin XCConfigurationList section */
		D6BF83972E890B370076B2FC /* Build configuration list for PBXProject "VocalisStudio" */ = {
			isa = XCConfigurationList;
			buildConfigurations = (
				D6BF83BB2E890B380076B2FC /* Debug */,
				D6BF83BC2E890B380076B2FC /* Release */,
			);
			defaultConfigurationIsVisible = 0;
			defaultConfigurationName = Release;
		};
		D6BF83BD2E890B380076B2FC /* Build configuration list for PBXNativeTarget "VocalisStudio" */ = {
			isa = XCConfigurationList;
			buildConfigurations = (
				D6BF83BE2E890B380076B2FC /* Debug */,
				D6BF83BF2E890B380076B2FC /* Release */,
			);
			defaultConfigurationIsVisible = 0;
			defaultConfigurationName = Release;
		};
		D6BF83C02E890B380076B2FC /* Build configuration list for PBXNativeTarget "VocalisStudioTests" */ = {
			isa = XCConfigurationList;
			buildConfigurations = (
				D6BF83C12E890B380076B2FC /* Debug */,
				D6BF83C22E890B380076B2FC /* Release */,
			);
			defaultConfigurationIsVisible = 0;
			defaultConfigurationName = Release;
		};
		D6BF83C32E890B380076B2FC /* Build configuration list for PBXNativeTarget "VocalisStudioUITests" */ = {
			isa = XCConfigurationList;
			buildConfigurations = (
				D6BF83C42E890B380076B2FC /* Debug */,
				D6BF83C52E890B380076B2FC /* Release */,
			);
			defaultConfigurationIsVisible = 0;
			defaultConfigurationName = Release;
		};
/* End XCConfigurationList section */

/* Begin XCLocalSwiftPackageReference section */
		D6BF83C62E890B390076B2FC /* XCLocalSwiftPackageReference "VocalisDomain" */ = {
			isa = XCLocalSwiftPackageReference;
			relativePath = Packages/VocalisDomain;
		};
/* End XCLocalSwiftPackageReference section */

/* Begin XCSwiftPackageProductDependency section */
		D6BF83C72E890B390076B2FC /* VocalisDomain */ = {
			isa = XCSwiftPackageProductDependency;
			package = D6BF83C62E890B390076B2FC /* XCLocalSwiftPackageReference "VocalisDomain" */;
			productName = VocalisDomain;
		};
/* End XCSwiftPackageProductDependency section */
	};
	rootObject = D6BF83942E890B370076B2FC /* Project object */;
}
